<?xml version="1.0" encoding="utf-8"?>
<Project ToolsVersion="4.0" xmlns="http://schemas.microsoft.com/developer/msbuild/2003">
  <ItemGroup>
    <Filter Include="Source Files">
      <UniqueIdentifier>{4FC737F1-C7A5-4376-A066-2A32D752A2FF}</UniqueIdentifier>
      <Extensions>cpp;c;cc;cxx;def;odl;idl;hpj;bat;asm;asmx</Extensions>
    </Filter>
    <Filter Include="Header Files">
      <UniqueIdentifier>{93995380-89BD-4b04-88EB-625FBE52EBFB}</UniqueIdentifier>
      <Extensions>h;hh;hpp;hxx;hm;inl;inc;xsd</Extensions>
    </Filter>
    <Filter Include="Resource Files">
      <UniqueIdentifier>{67DA6AB6-F800-4c08-8B7A-83BB121AAD01}</UniqueIdentifier>
      <Extensions>rc;ico;cur;bmp;dlg;rc2;rct;bin;rgs;gif;jpg;jpeg;jpe;resx;tiff;tif;png;wav;mfcribbon-ms</Extensions>
    </Filter>
  </ItemGroup>
  <ItemGroup>
    <ClInclude Include="..\..\c30\config.h">
      <Filter>Header Files</Filter>
    </ClInclude>
    <ClInclude Include="..\..\c30\cstringstream.h">
      <Filter>Header Files</Filter>
    </ClInclude>
    <ClInclude Include="..\..\c30\cudd.h">
      <Filter>Header Files</Filter>
    </ClInclude>
    <ClInclude Include="..\..\c30\cuddInt.h">
      <Filter>Header Files</Filter>
    </ClInclude>
    <ClInclude Include="..\..\c30\cuddObj.hh">
      <Filter>Header Files</Filter>
    </ClInclude>
    <ClInclude Include="..\..\c30\epd.h">
      <Filter>Header Files</Filter>
    </ClInclude>
    <ClInclude Include="..\..\c30\epdInt.h">
      <Filter>Header Files</Filter>
    </ClInclude>
    <ClInclude Include="..\..\c30\mtr.h">
      <Filter>Header Files</Filter>
    </ClInclude>
    <ClInclude Include="..\..\c30\mtrInt.h">
      <Filter>Header Files</Filter>
    </ClInclude>
    <ClInclude Include="..\..\c30\st.h">
      <Filter>Header Files</Filter>
    </ClInclude>
    <ClInclude Include="..\..\c30\util.h">
      <Filter>Header Files</Filter>
    </ClInclude>
  </ItemGroup>
  <ItemGroup>
    <ClCompile Include="..\..\c30\cpu_stats.c">
      <Filter>Source Files</Filter>
    </ClCompile>
    <ClCompile Include="..\..\c30\cpu_time.c">
      <Filter>Source Files</Filter>
    </ClCompile>
    <ClCompile Include="..\..\c30\cstringstream.c">
      <Filter>Source Files</Filter>
    </ClCompile>
    <ClCompile Include="..\..\c30\cuddAddAbs.c">
      <Filter>Source Files</Filter>
    </ClCompile>
    <ClCompile Include="..\..\c30\cuddAddApply.c">
      <Filter>Source Files</Filter>
    </ClCompile>
    <ClCompile Include="..\..\c30\cuddAddFind.c">
      <Filter>Source Files</Filter>
    </ClCompile>
    <ClCompile Include="..\..\c30\cuddAddInv.c">
      <Filter>Source Files</Filter>
    </ClCompile>
    <ClCompile Include="..\..\c30\cuddAddIte.c">
      <Filter>Source Files</Filter>
    </ClCompile>
    <ClCompile Include="..\..\c30\cuddAddNeg.c">
      <Filter>Source Files</Filter>
    </ClCompile>
    <ClCompile Include="..\..\c30\cuddAddWalsh.c">
      <Filter>Source Files</Filter>
    </ClCompile>
    <ClCompile Include="..\..\c30\cuddAndAbs.c">
      <Filter>Source Files</Filter>
    </ClCompile>
    <ClCompile Include="..\..\c30\cuddAnneal.c">
      <Filter>Source Files</Filter>
    </ClCompile>
    <ClCompile Include="..\..\c30\cuddApa.c">
      <Filter>Source Files</Filter>
    </ClCompile>
    <ClCompile Include="..\..\c30\cuddAPI.c">
      <Filter>Source Files</Filter>
    </ClCompile>
    <ClCompile Include="..\..\c30\cuddApprox.c">
      <Filter>Source Files</Filter>
    </ClCompile>
    <ClCompile Include="..\..\c30\cuddBddAbs.c">
      <Filter>Source Files</Filter>
    </ClCompile>
    <ClCompile Include="..\..\c30\cuddBddCorr.c">
      <Filter>Source Files</Filter>
    </ClCompile>
    <ClCompile Include="..\..\c30\cuddBddIte.c">
      <Filter>Source Files</Filter>
    </ClCompile>
    <ClCompile Include="..\..\c30\cuddBridge.c">
      <Filter>Source Files</Filter>
    </ClCompile>
    <ClCompile Include="..\..\c30\cuddCache.c">
      <Filter>Source Files</Filter>
    </ClCompile>
    <ClCompile Include="..\..\c30\cuddCheck.c">
      <Filter>Source Files</Filter>
    </ClCompile>
    <ClCompile Include="..\..\c30\cuddClip.c">
      <Filter>Source Files</Filter>
    </ClCompile>
    <ClCompile Include="..\..\c30\cuddCof.c">
      <Filter>Source Files</Filter>
    </ClCompile>
    <ClCompile Include="..\..\c30\cuddCompose.c">
      <Filter>Source Files</Filter>
    </ClCompile>
    <ClCompile Include="..\..\c30\cuddDecomp.c">
      <Filter>Source Files</Filter>
    </ClCompile>
    <ClCompile Include="..\..\c30\cuddEssent.c">
      <Filter>Source Files</Filter>
    </ClCompile>
    <ClCompile Include="..\..\c30\cuddExact.c">
      <Filter>Source Files</Filter>
    </ClCompile>
    <ClCompile Include="..\..\c30\cuddExport.c">
      <Filter>Source Files</Filter>
    </ClCompile>
    <ClCompile Include="..\..\c30\cuddGenCof.c">
      <Filter>Source Files</Filter>
    </ClCompile>
    <ClCompile Include="..\..\c30\cuddGenetic.c">
      <Filter>Source Files</Filter>
    </ClCompile>
    <ClCompile Include="..\..\c30\cuddGroup.c">
      <Filter>Source Files</Filter>
    </ClCompile>
    <ClCompile Include="..\..\c30\cuddHarwell.c">
      <Filter>Source Files</Filter>
    </ClCompile>
    <ClCompile Include="..\..\c30\cuddInit.c">
      <Filter>Source Files</Filter>
    </ClCompile>
    <ClCompile Include="..\..\c30\cuddInteract.c">
      <Filter>Source Files</Filter>
    </ClCompile>
    <ClCompile Include="..\..\c30\cuddLCache.c">
      <Filter>Source Files</Filter>
    </ClCompile>
    <ClCompile Include="..\..\c30\cuddLevelQ.c">
      <Filter>Source Files</Filter>
    </ClCompile>
    <ClCompile Include="..\..\c30\cuddLinear.c">
      <Filter>Source Files</Filter>
    </ClCompile>
    <ClCompile Include="..\..\c30\cuddLiteral.c">
      <Filter>Source Files</Filter>
    </ClCompile>
    <ClCompile Include="..\..\c30\cuddMatMult.c">
      <Filter>Source Files</Filter>
    </ClCompile>
    <ClCompile Include="..\..\c30\cuddObj.cc">
      <Filter>Source Files</Filter>
    </ClCompile>
    <ClCompile Include="..\..\c30\cuddPriority.c">
      <Filter>Source Files</Filter>
    </ClCompile>
    <ClCompile Include="..\..\c30\cuddRead.c">
      <Filter>Source Files</Filter>
    </ClCompile>
    <ClCompile Include="..\..\c30\cuddRef.c">
      <Filter>Source Files</Filter>
    </ClCompile>
    <ClCompile Include="..\..\c30\cuddReorder.c">
      <Filter>Source Files</Filter>
    </ClCompile>
    <ClCompile Include="..\..\c30\cuddSat.c">
      <Filter>Source Files</Filter>
    </ClCompile>
    <ClCompile Include="..\..\c30\cuddSign.c">
      <Filter>Source Files</Filter>
    </ClCompile>
    <ClCompile Include="..\..\c30\cuddSolve.c">
      <Filter>Source Files</Filter>
    </ClCompile>
    <ClCompile Include="..\..\c30\cuddSplit.c">
      <Filter>Source Files</Filter>
    </ClCompile>
    <ClCompile Include="..\..\c30\cuddSubsetHB.c">
      <Filter>Source Files</Filter>
    </ClCompile>
    <ClCompile Include="..\..\c30\cuddSubsetSP.c">
      <Filter>Source Files</Filter>
    </ClCompile>
    <ClCompile Include="..\..\c30\cuddSymmetry.c">
      <Filter>Source Files</Filter>
    </ClCompile>
    <ClCompile Include="..\..\c30\cuddTable.c">
      <Filter>Source Files</Filter>
    </ClCompile>
    <ClCompile Include="..\..\c30\cuddUtil.c">
      <Filter>Source Files</Filter>
    </ClCompile>
    <ClCompile Include="..\..\c30\cuddWindow.c">
      <Filter>Source Files</Filter>
    </ClCompile>
    <ClCompile Include="..\..\c30\cuddZddCount.c">
      <Filter>Source Files</Filter>
    </ClCompile>
    <ClCompile Include="..\..\c30\cuddZddFuncs.c">
      <Filter>Source Files</Filter>
    </ClCompile>
    <ClCompile Include="..\..\c30\cuddZddGroup.c">
      <Filter>Source Files</Filter>
    </ClCompile>
    <ClCompile Include="..\..\c30\cuddZddIsop.c">
      <Filter>Source Files</Filter>
    </ClCompile>
    <ClCompile Include="..\..\c30\cuddZddLin.c">
      <Filter>Source Files</Filter>
    </ClCompile>
    <ClCompile Include="..\..\c30\cuddZddMisc.c">
      <Filter>Source Files</Filter>
    </ClCompile>
    <ClCompile Include="..\..\c30\cuddZddPort.c">
      <Filter>Source Files</Filter>
    </ClCompile>
    <ClCompile Include="..\..\c30\cuddZddReord.c">
      <Filter>Source Files</Filter>
    </ClCompile>
    <ClCompile Include="..\..\c30\cuddZddSetop.c">
      <Filter>Source Files</Filter>
    </ClCompile>
    <ClCompile Include="..\..\c30\cuddZddSymm.c">
      <Filter>Source Files</Filter>
    </ClCompile>
    <ClCompile Include="..\..\c30\cuddZddUtil.c">
      <Filter>Source Files</Filter>
    </ClCompile>
    <ClCompile Include="..\..\c30\datalimit.c">
      <Filter>Source Files</Filter>
    </ClCompile>
    <ClCompile Include="..\..\c30\epd.c">
      <Filter>Source Files</Filter>
    </ClCompile>
    <ClCompile Include="..\..\c30\mtrBasic.c">
      <Filter>Source Files</Filter>
    </ClCompile>
    <ClCompile Include="..\..\c30\mtrGroup.c">
      <Filter>Source Files</Filter>
    </ClCompile>
    <ClCompile Include="..\..\c30\pathsearch.c">
      <Filter>Source Files</Filter>
    </ClCompile>
    <ClCompile Include="..\..\c30\pipefork.c">
      <Filter>Source Files</Filter>
    </ClCompile>
    <ClCompile Include="..\..\c30\prtime.c">
      <Filter>Source Files</Filter>
    </ClCompile>
    <ClCompile Include="..\..\c30\safe_mem.c">
      <Filter>Source Files</Filter>
    </ClCompile>
    <ClCompile Include="..\..\c30\st.c">
      <Filter>Source Files</Filter>
    </ClCompile>
    <ClCompile Include="..\..\c30\strsav.c">
      <Filter>Source Files</Filter>
    </ClCompile>
    <ClCompile Include="..\..\c30\texpand.c">
      <Filter>Source Files</Filter>
    </ClCompile>
    <ClCompile Include="..\..\c30\ucbqsort.c">
      <Filter>Source Files</Filter>
    </ClCompile>
  </ItemGroup>
</Project>